
Microsoft Visual Studio Solution File, Format Version 12.00
# Visual Studio 15
VisualStudioVersion = 15.0.28307.779
MinimumVisualStudioVersion = 10.0.40219.1
Project("{FAE04EC0-301F-11D3-BF4B-00C04F79EFBC}") = "Wardrobe", "Wardrobe\Wardrobe.csproj", "{38130BCA-B6A0-4831-BC80-7D49F54C125A}"
EndProject
Global
	GlobalSection(SolutionConfigurationPlatforms) = preSolution
		Debug|Any CPU = Debug|Any CPU
		Release|Any CPU = Release|Any CPU
	EndGlobalSection
	GlobalSection(ProjectConfigurationPlatforms) = postSolution
		{38130BCA-B6A0-4831-BC80-7D49F54C125A}.Debug|Any CPU.ActiveCfg = Debug|Any CPU
		{38130BCA-B6A0-4831-BC80-7D49F54C125A}.Debug|Any CPU.Build.0 = Debug|Any CPU
		{38130BCA-B6A0-4831-BC80-7D49F54C125A}.Release|Any CPU.ActiveCfg = Release|Any CPU
		{38130BCA-B6A0-4831-BC80-7D49F54C125A}.Release|Any CPU.Build.0 = Release|Any CPU
	EndGlobalSection
	GlobalSection(SolutionProperties) = preSolution
		HideSolutionNode = FALSE
	EndGlobalSection
	GlobalSection(ExtensibilityGlobals) = postSolution
		SolutionGuid = {551417B0-D72B-48AA-AAFA-63C22E89F91A}
	EndGlobalSection
EndGlobal
